
Microsoft Visual Studio Solution File, Format Version 12.00
# Visual Studio Version 16
VisualStudioVersion = 16.0.30320.27
MinimumVisualStudioVersion = 10.0.40219.1
Project("{FAE04EC0-301F-11D3-BF4B-00C04F79EFBC}") = "Sistema_de_registro_unico_aduanero", "Sistema_de_registro_unico_aduanero\Sistema_de_registro_unico_aduanero.csproj", "{61E42835-BA2A-4288-8F17-C538621A447B}"
EndProject
Global
	GlobalSection(SolutionConfigurationPlatforms) = preSolution
		Debug|Any CPU = Debug|Any CPU
		Release|Any CPU = Release|Any CPU
	EndGlobalSection
	GlobalSection(ProjectConfigurationPlatforms) = postSolution
		{61E42835-BA2A-4288-8F17-C538621A447B}.Debug|Any CPU.ActiveCfg = Debug|Any CPU
		{61E42835-BA2A-4288-8F17-C538621A447B}.Debug|Any CPU.Build.0 = Debug|Any CPU
		{61E42835-BA2A-4288-8F17-C538621A447B}.Release|Any CPU.ActiveCfg = Release|Any CPU
		{61E42835-BA2A-4288-8F17-C538621A447B}.Release|Any CPU.Build.0 = Release|Any CPU
	EndGlobalSection
	GlobalSection(SolutionProperties) = preSolution
		HideSolutionNode = FALSE
	EndGlobalSection
	GlobalSection(ExtensibilityGlobals) = postSolution
		SolutionGuid = {217DB4F4-6384-4133-8B6E-49F0F372A068}
	EndGlobalSection
EndGlobal
